
Microsoft Visual Studio Solution File, Format Version 12.00
# Visual Studio Version 18
VisualStudioVersion = 18.4.11612.150 stable
MinimumVisualStudioVersion = 10.0.40219.1
Project("{FAE04EC0-301F-11D3-BF4B-00C04F79EFBC}") = "BankAccountApp", "BankAccountApp.csproj", "{A9936200-3DE6-4A74-1CCA-9A3D4B594027}"
EndProject
Global
	GlobalSection(SolutionConfigurationPlatforms) = preSolution
		Debug|Any CPU = Debug|Any CPU
		Release|Any CPU = Release|Any CPU
	EndGlobalSection
	GlobalSection(ProjectConfigurationPlatforms) = postSolution
		{A9936200-3DE6-4A74-1CCA-9A3D4B594027}.Debug|Any CPU.ActiveCfg = Debug|Any CPU
		{A9936200-3DE6-4A74-1CCA-9A3D4B594027}.Debug|Any CPU.Build.0 = Debug|Any CPU
		{A9936200-3DE6-4A74-1CCA-9A3D4B594027}.Release|Any CPU.ActiveCfg = Release|Any CPU
		{A9936200-3DE6-4A74-1CCA-9A3D4B594027}.Release|Any CPU.Build.0 = Release|Any CPU
	EndGlobalSection
	GlobalSection(SolutionProperties) = preSolution
		HideSolutionNode = FALSE
	EndGlobalSection
	GlobalSection(ExtensibilityGlobals) = postSolution
		SolutionGuid = {C5B2BD20-72EA-4EB1-9C1B-33E1B74B4737}
	EndGlobalSection
EndGlobal
