
Microsoft Visual Studio Solution File, Format Version 12.00
# Visual Studio Version 18
VisualStudioVersion = 18.4.11612.150 stable
MinimumVisualStudioVersion = 10.0.40219.1
Project("{FAE04EC0-301F-11D3-BF4B-00C04F79EFBC}") = "InventoryManagementApp", "InventoryManagementApp.csproj", "{5FD42BCE-8624-89D7-ECAC-1660DE89F759}"
EndProject
Global
	GlobalSection(SolutionConfigurationPlatforms) = preSolution
		Debug|Any CPU = Debug|Any CPU
		Release|Any CPU = Release|Any CPU
	EndGlobalSection
	GlobalSection(ProjectConfigurationPlatforms) = postSolution
		{5FD42BCE-8624-89D7-ECAC-1660DE89F759}.Debug|Any CPU.ActiveCfg = Debug|Any CPU
		{5FD42BCE-8624-89D7-ECAC-1660DE89F759}.Debug|Any CPU.Build.0 = Debug|Any CPU
		{5FD42BCE-8624-89D7-ECAC-1660DE89F759}.Release|Any CPU.ActiveCfg = Release|Any CPU
		{5FD42BCE-8624-89D7-ECAC-1660DE89F759}.Release|Any CPU.Build.0 = Release|Any CPU
	EndGlobalSection
	GlobalSection(SolutionProperties) = preSolution
		HideSolutionNode = FALSE
	EndGlobalSection
	GlobalSection(ExtensibilityGlobals) = postSolution
		SolutionGuid = {6E8761D1-A258-430D-AB5B-4DE84076A677}
	EndGlobalSection
EndGlobal
